# This file is automatically @generated by Poetry 1.8.2 and should not be changed by hand.

[[package]]
name = "clibuilder"
version = "0.1.7"
description = "CLI builder using argparse.ArgumentParser-like interface"
optional = false
python-versions = "*"
files = [
    {file = "clibuilder-0.1.7.tar.gz", hash = "sha256:e4388e5acb2081b7f533ef09c44120cbf36cdf40fc4555daf80ab4dae78f7720"},
]

[[package]]
name = "prompt"
version = "0.4.1"
description = "Library for prompting input on the command line."
optional = false
python-versions = ">=3.3"
files = [
    {file = "prompt-0.4.1-py3-none-any.whl", hash = "sha256:98527de8dc3f0aa29669a39fbffeaf578ba6654dc836f737b6a5c6f9279002b7"},
    {file = "prompt-0.4.1.tar.gz", hash = "sha256:8a7694b88f8c65188a983315e72582bf42fcc251b97042be1d2a2ad1aa0ebe0e"},
]

[metadata]
lock-version = "2.0"
python-versions = "^3.12"
content-hash = "30917141c629599b1bbca7a31e3895947915b03dd5b2e133a778b00b130cea06"
